{
    "_readme": [
        "This file locks the dependencies of your project to a known state",
        "Read more about it at https://getcomposer.org/doc/01-basic-usage.md#installing-dependencies",
        "This file is @generated automatically"
    ],
    "content-hash": "61f65c3bc38f27ef1268df9bcf0d32cb",
    "packages": [
        {
            "name": "babymarkt/deepl-php-lib",
            "version": "v3.0.1",
            "source": {
                "type": "git",
                "url": "https://github.com/Baby-Markt/deepl-php-lib.git",
                "reference": "443772c9613fee6334cb8563436adb86f6c4f8ea"
            },
            "dist": {
                "type": "zip",
                "url": "https://api.github.com/repos/Baby-Markt/deepl-php-lib/zipball/443772c9613fee6334cb8563436adb86f6c4f8ea",
                "reference": "443772c9613fee6334cb8563436adb86f6c4f8ea",
                "shasum": ""
            },
            "require": {
                "ext-curl": "*",
                "ext-json": "*",
                "php": ">=7.3 <8.1"
            },
            "require-dev": {
                "phpmd/phpmd": "^2.10",
                "phpunit/phpunit": "^9",
                "squizlabs/php_codesniffer": "^3"
            },
            "type": "library",
            "autoload": {
                "psr-4": {
                    "BabyMarkt\\DeepL\\": "src/"
                }
            },
            "notification-url": "https://packagist.org/downloads/",
            "license": [
                "MIT"
            ],
            "authors": [
                {
                    "name": "Entwicklungsteam babymarkt.de",
                    "email": "entwicklung@babymarkt.de"
                }
            ],
            "description": "DeepL API Client Library supporting PHP >= 7.3 && PHP < 8.1",
            "homepage": "https://github.com/Baby-Markt/deepl-php-lib",
            "keywords": [
                "babymarkt",
                "deepl",
                "deeply",
                "i18n",
                "translation",
                "translator"
            ],
            "support": {
                "issues": "https://github.com/Baby-Markt/deepl-php-lib/issues",
                "source": "https://github.com/Baby-Markt/deepl-php-lib/tree/v3.0.1"
            },
            "time": "2021-07-09T15:22:18+00:00"
        }
    ],
    "packages-dev": [],
    "aliases": [],
    "minimum-stability": "stable",
    "stability-flags": [],
    "prefer-stable": false,
    "prefer-lowest": false,
    "platform": [],
    "platform-dev": [],
    "plugin-api-version": "2.0.0"
}
